
Microsoft Visual Studio Solution File, Format Version 12.00
# Visual Studio Version 16
VisualStudioVersion = 16.0.30907.101
MinimumVisualStudioVersion = 10.0.40219.1
Project("{FAE04EC0-301F-11D3-BF4B-00C04F79EFBC}") = "NodeHub", "NodeHub\NodeHub.csproj", "{D66C3969-BDCC-4DAE-9858-9DB313F0E5CA}"
EndProject
Project("{FAE04EC0-301F-11D3-BF4B-00C04F79EFBC}") = "NodeHub.Core", "NodeHub.Core\NodeHub.Core.csproj", "{74ED7F71-4DF8-478A-BC8A-65CBA4DFBC1C}"
EndProject
Global
	GlobalSection(SolutionConfigurationPlatforms) = preSolution
		Debug|Any CPU = Debug|Any CPU
		Release|Any CPU = Release|Any CPU
	EndGlobalSection
	GlobalSection(ProjectConfigurationPlatforms) = postSolution
		{D66C3969-BDCC-4DAE-9858-9DB313F0E5CA}.Debug|Any CPU.ActiveCfg = Debug|Any CPU
		{D66C3969-BDCC-4DAE-9858-9DB313F0E5CA}.Debug|Any CPU.Build.0 = Debug|Any CPU
		{D66C3969-BDCC-4DAE-9858-9DB313F0E5CA}.Release|Any CPU.ActiveCfg = Release|Any CPU
		{D66C3969-BDCC-4DAE-9858-9DB313F0E5CA}.Release|Any CPU.Build.0 = Release|Any CPU
		{74ED7F71-4DF8-478A-BC8A-65CBA4DFBC1C}.Debug|Any CPU.ActiveCfg = Debug|Any CPU
		{74ED7F71-4DF8-478A-BC8A-65CBA4DFBC1C}.Debug|Any CPU.Build.0 = Debug|Any CPU
		{74ED7F71-4DF8-478A-BC8A-65CBA4DFBC1C}.Release|Any CPU.ActiveCfg = Release|Any CPU
		{74ED7F71-4DF8-478A-BC8A-65CBA4DFBC1C}.Release|Any CPU.Build.0 = Release|Any CPU
	EndGlobalSection
	GlobalSection(SolutionProperties) = preSolution
		HideSolutionNode = FALSE
	EndGlobalSection
	GlobalSection(ExtensibilityGlobals) = postSolution
		SolutionGuid = {C1478CFC-B02D-4D4D-9861-39E1179CBEA0}
	EndGlobalSection
EndGlobal
